
Microsoft Visual Studio Solution File, Format Version 12.00
Project("{FAE04EC0-301F-11D3-BF4B-00C04F79EFBC}") = "MutationChallenge", "MutationChallenge\MutationChallenge.csproj", "{8DB1A95E-7BF9-45C5-9F36-7CECC1EF02AA}"
EndProject
Project("{FAE04EC0-301F-11D3-BF4B-00C04F79EFBC}") = "MutationTesting", "MutationTesting\MutationTesting.csproj", "{545E29E7-E286-4569-AB7A-B2F8018D515E}"
EndProject
Global
	GlobalSection(SolutionConfigurationPlatforms) = preSolution
		Debug|Any CPU = Debug|Any CPU
		Release|Any CPU = Release|Any CPU
	EndGlobalSection
	GlobalSection(ProjectConfigurationPlatforms) = postSolution
		{8DB1A95E-7BF9-45C5-9F36-7CECC1EF02AA}.Debug|Any CPU.ActiveCfg = Debug|Any CPU
		{8DB1A95E-7BF9-45C5-9F36-7CECC1EF02AA}.Debug|Any CPU.Build.0 = Debug|Any CPU
		{8DB1A95E-7BF9-45C5-9F36-7CECC1EF02AA}.Release|Any CPU.ActiveCfg = Release|Any CPU
		{8DB1A95E-7BF9-45C5-9F36-7CECC1EF02AA}.Release|Any CPU.Build.0 = Release|Any CPU
		{545E29E7-E286-4569-AB7A-B2F8018D515E}.Debug|Any CPU.ActiveCfg = Debug|Any CPU
		{545E29E7-E286-4569-AB7A-B2F8018D515E}.Debug|Any CPU.Build.0 = Debug|Any CPU
		{545E29E7-E286-4569-AB7A-B2F8018D515E}.Release|Any CPU.ActiveCfg = Release|Any CPU
		{545E29E7-E286-4569-AB7A-B2F8018D515E}.Release|Any CPU.Build.0 = Release|Any CPU
	EndGlobalSection
EndGlobal
